
Microsoft Visual Studio Solution File, Format Version 12.00
# Visual Studio Version 16
VisualStudioVersion = 16.0.30011.22
MinimumVisualStudioVersion = 10.0.40219.1
Project("{9A19103F-16F7-4668-BE54-9A1E7A4F7556}") = "TowerDefense", "TowerDefense\TowerDefense.csproj", "{70777A81-BC07-41A2-ABC6-28A10BDEF737}"
EndProject
Project("{FAE04EC0-301F-11D3-BF4B-00C04F79EFBC}") = "TowerDefenseTests", "TowerDefenseTests\TowerDefenseTests.csproj", "{68B6C941-5E28-4165-A395-E968316682AD}"
EndProject
Global
	GlobalSection(SolutionConfigurationPlatforms) = preSolution
		Debug|Any CPU = Debug|Any CPU
		Release|Any CPU = Release|Any CPU
	EndGlobalSection
	GlobalSection(ProjectConfigurationPlatforms) = postSolution
		{70777A81-BC07-41A2-ABC6-28A10BDEF737}.Debug|Any CPU.ActiveCfg = Debug|Any CPU
		{70777A81-BC07-41A2-ABC6-28A10BDEF737}.Debug|Any CPU.Build.0 = Debug|Any CPU
		{70777A81-BC07-41A2-ABC6-28A10BDEF737}.Release|Any CPU.ActiveCfg = Release|Any CPU
		{70777A81-BC07-41A2-ABC6-28A10BDEF737}.Release|Any CPU.Build.0 = Release|Any CPU
		{68B6C941-5E28-4165-A395-E968316682AD}.Debug|Any CPU.ActiveCfg = Debug|Any CPU
		{68B6C941-5E28-4165-A395-E968316682AD}.Debug|Any CPU.Build.0 = Debug|Any CPU
		{68B6C941-5E28-4165-A395-E968316682AD}.Release|Any CPU.ActiveCfg = Release|Any CPU
		{68B6C941-5E28-4165-A395-E968316682AD}.Release|Any CPU.Build.0 = Release|Any CPU
	EndGlobalSection
	GlobalSection(SolutionProperties) = preSolution
		HideSolutionNode = FALSE
	EndGlobalSection
	GlobalSection(ExtensibilityGlobals) = postSolution
		SolutionGuid = {E19B2AA5-E61D-4593-84C8-BA7CE8F9EFEE}
	EndGlobalSection
EndGlobal
